
Microsoft Visual Studio Solution File, Format Version 12.00
# Visual Studio Version 16
VisualStudioVersion = 16.0.30309.148
MinimumVisualStudioVersion = 10.0.40219.1
Project("{2150E333-8FDC-42A3-9474-1A3956D46DE8}") = "Solution Items", "Solution Items", "{B3177433-4A6D-4600-8973-534EB2FDC0CF}"
EndProject
Project("{FAE04EC0-301F-11D3-BF4B-00C04F79EFBC}") = "KolonyTools", "KolonyTools\KolonyTools.csproj", "{202CB284-B893-4B8A-B677-7658125CDBC9}"
EndProject
Project("{FAE04EC0-301F-11D3-BF4B-00C04F79EFBC}") = "WOLF", "..\WOLF\WOLF\WOLF.csproj", "{47CCB592-108F-4804-9FF5-45EBE7907976}"
EndProject
Project("{FAE04EC0-301F-11D3-BF4B-00C04F79EFBC}") = "WOLF.Tests.Unit", "..\WOLF\WOLF.Tests.Unit\WOLF.Tests.Unit.csproj", "{4D364EBD-396E-4E28-ACAF-1247C67FDE5E}"
EndProject
Global
	GlobalSection(SolutionConfigurationPlatforms) = preSolution
		Debug|Any CPU = Debug|Any CPU
		Release|Any CPU = Release|Any CPU
	EndGlobalSection
	GlobalSection(ProjectConfigurationPlatforms) = postSolution
		{202CB284-B893-4B8A-B677-7658125CDBC9}.Debug|Any CPU.ActiveCfg = Debug|Any CPU
		{202CB284-B893-4B8A-B677-7658125CDBC9}.Debug|Any CPU.Build.0 = Debug|Any CPU
		{202CB284-B893-4B8A-B677-7658125CDBC9}.Release|Any CPU.ActiveCfg = Release|Any CPU
		{202CB284-B893-4B8A-B677-7658125CDBC9}.Release|Any CPU.Build.0 = Release|Any CPU
		{47CCB592-108F-4804-9FF5-45EBE7907976}.Debug|Any CPU.ActiveCfg = Debug|Any CPU
		{47CCB592-108F-4804-9FF5-45EBE7907976}.Debug|Any CPU.Build.0 = Debug|Any CPU
		{47CCB592-108F-4804-9FF5-45EBE7907976}.Release|Any CPU.ActiveCfg = Release|Any CPU
		{47CCB592-108F-4804-9FF5-45EBE7907976}.Release|Any CPU.Build.0 = Release|Any CPU
		{4D364EBD-396E-4E28-ACAF-1247C67FDE5E}.Debug|Any CPU.ActiveCfg = Debug|Any CPU
		{4D364EBD-396E-4E28-ACAF-1247C67FDE5E}.Debug|Any CPU.Build.0 = Debug|Any CPU
		{4D364EBD-396E-4E28-ACAF-1247C67FDE5E}.Release|Any CPU.ActiveCfg = Release|Any CPU
		{4D364EBD-396E-4E28-ACAF-1247C67FDE5E}.Release|Any CPU.Build.0 = Release|Any CPU
	EndGlobalSection
	GlobalSection(SolutionProperties) = preSolution
		HideSolutionNode = FALSE
	EndGlobalSection
	GlobalSection(NestedProjects) = preSolution
		{47CCB592-108F-4804-9FF5-45EBE7907976} = {B3177433-4A6D-4600-8973-534EB2FDC0CF}
		{4D364EBD-396E-4E28-ACAF-1247C67FDE5E} = {B3177433-4A6D-4600-8973-534EB2FDC0CF}
	EndGlobalSection
	GlobalSection(ExtensibilityGlobals) = postSolution
		SolutionGuid = {78F9FD78-B777-4818-BF65-78F060F86F69}
	EndGlobalSection
EndGlobal
