
Microsoft Visual Studio Solution File, Format Version 12.00
# Visual Studio 15
VisualStudioVersion = 15.0.28010.2048
MinimumVisualStudioVersion = 10.0.40219.1
Project("{FAE04EC0-301F-11D3-BF4B-00C04F79EFBC}") = "WOLF", "WOLF\WOLF.csproj", "{47CCB592-108F-4804-9FF5-45EBE7907976}"
EndProject
Project("{FAE04EC0-301F-11D3-BF4B-00C04F79EFBC}") = "WOLF.Tests.Unit", "WOLF.Tests.Unit\WOLF.Tests.Unit.csproj", "{4D364EBD-396E-4E28-ACAF-1247C67FDE5E}"
EndProject
Global
	GlobalSection(SolutionConfigurationPlatforms) = preSolution
		Debug|Any CPU = Debug|Any CPU
		Release|Any CPU = Release|Any CPU
	EndGlobalSection
	GlobalSection(ProjectConfigurationPlatforms) = postSolution
		{47CCB592-108F-4804-9FF5-45EBE7907976}.Debug|Any CPU.ActiveCfg = Debug|Any CPU
		{47CCB592-108F-4804-9FF5-45EBE7907976}.Debug|Any CPU.Build.0 = Debug|Any CPU
		{47CCB592-108F-4804-9FF5-45EBE7907976}.Release|Any CPU.ActiveCfg = Release|Any CPU
		{47CCB592-108F-4804-9FF5-45EBE7907976}.Release|Any CPU.Build.0 = Release|Any CPU
		{4D364EBD-396E-4E28-ACAF-1247C67FDE5E}.Debug|Any CPU.ActiveCfg = Debug|Any CPU
		{4D364EBD-396E-4E28-ACAF-1247C67FDE5E}.Debug|Any CPU.Build.0 = Debug|Any CPU
		{4D364EBD-396E-4E28-ACAF-1247C67FDE5E}.Release|Any CPU.ActiveCfg = Release|Any CPU
		{4D364EBD-396E-4E28-ACAF-1247C67FDE5E}.Release|Any CPU.Build.0 = Release|Any CPU
	EndGlobalSection
	GlobalSection(SolutionProperties) = preSolution
		HideSolutionNode = FALSE
	EndGlobalSection
	GlobalSection(ExtensibilityGlobals) = postSolution
		SolutionGuid = {74F355AF-DF38-45DA-A8DD-5B19AC966571}
	EndGlobalSection
EndGlobal
